
Microsoft Visual Studio Solution File, Format Version 12.00
# Visual Studio Version 17
VisualStudioVersion = 17.8.34330.188
MinimumVisualStudioVersion = 10.0.40219.1
Project("{FAE04EC0-301F-11D3-BF4B-00C04F79EFBC}") = "SchoolProject.Api", "SchoolProject.Api\SchoolProject.Api.csproj", "{56E41F94-D8FB-413F-883B-9EF68A0CF9F9}"
EndProject
Project("{FAE04EC0-301F-11D3-BF4B-00C04F79EFBC}") = "SchoolProject.Core", "SchoolProject.Core\SchoolProject.Core.csproj", "{BBAC0D11-99C4-44F3-8FAD-1A8509979B4B}"
EndProject
Project("{FAE04EC0-301F-11D3-BF4B-00C04F79EFBC}") = "SchoolProject.Data", "SchoolProject.Data\SchoolProject.Data.csproj", "{176F9CDF-E421-4EC7-8936-00E5E1838F3A}"
EndProject
Project("{FAE04EC0-301F-11D3-BF4B-00C04F79EFBC}") = "SchoolProject.Infrastructure", "SchoolProject.Infrastructure\SchoolProject.Infrastructure.csproj", "{7EC60700-B5B6-45AA-A0D3-C88ABD0ED1B8}"
EndProject
Project("{FAE04EC0-301F-11D3-BF4B-00C04F79EFBC}") = "SchoolProject.Service", "SchoolProject.Service\SchoolProject.Service.csproj", "{005F9BCB-EB08-4087-87BA-09E182372D5C}"
EndProject
Global
	GlobalSection(SolutionConfigurationPlatforms) = preSolution
		Debug|Any CPU = Debug|Any CPU
		Release|Any CPU = Release|Any CPU
	EndGlobalSection
	GlobalSection(ProjectConfigurationPlatforms) = postSolution
		{56E41F94-D8FB-413F-883B-9EF68A0CF9F9}.Debug|Any CPU.ActiveCfg = Debug|Any CPU
		{56E41F94-D8FB-413F-883B-9EF68A0CF9F9}.Debug|Any CPU.Build.0 = Debug|Any CPU
		{56E41F94-D8FB-413F-883B-9EF68A0CF9F9}.Release|Any CPU.ActiveCfg = Release|Any CPU
		{56E41F94-D8FB-413F-883B-9EF68A0CF9F9}.Release|Any CPU.Build.0 = Release|Any CPU
		{BBAC0D11-99C4-44F3-8FAD-1A8509979B4B}.Debug|Any CPU.ActiveCfg = Debug|Any CPU
		{BBAC0D11-99C4-44F3-8FAD-1A8509979B4B}.Debug|Any CPU.Build.0 = Debug|Any CPU
		{BBAC0D11-99C4-44F3-8FAD-1A8509979B4B}.Release|Any CPU.ActiveCfg = Release|Any CPU
		{BBAC0D11-99C4-44F3-8FAD-1A8509979B4B}.Release|Any CPU.Build.0 = Release|Any CPU
		{176F9CDF-E421-4EC7-8936-00E5E1838F3A}.Debug|Any CPU.ActiveCfg = Debug|Any CPU
		{176F9CDF-E421-4EC7-8936-00E5E1838F3A}.Debug|Any CPU.Build.0 = Debug|Any CPU
		{176F9CDF-E421-4EC7-8936-00E5E1838F3A}.Release|Any CPU.ActiveCfg = Release|Any CPU
		{176F9CDF-E421-4EC7-8936-00E5E1838F3A}.Release|Any CPU.Build.0 = Release|Any CPU
		{7EC60700-B5B6-45AA-A0D3-C88ABD0ED1B8}.Debug|Any CPU.ActiveCfg = Debug|Any CPU
		{7EC60700-B5B6-45AA-A0D3-C88ABD0ED1B8}.Debug|Any CPU.Build.0 = Debug|Any CPU
		{7EC60700-B5B6-45AA-A0D3-C88ABD0ED1B8}.Release|Any CPU.ActiveCfg = Release|Any CPU
		{7EC60700-B5B6-45AA-A0D3-C88ABD0ED1B8}.Release|Any CPU.Build.0 = Release|Any CPU
		{005F9BCB-EB08-4087-87BA-09E182372D5C}.Debug|Any CPU.ActiveCfg = Debug|Any CPU
		{005F9BCB-EB08-4087-87BA-09E182372D5C}.Debug|Any CPU.Build.0 = Debug|Any CPU
		{005F9BCB-EB08-4087-87BA-09E182372D5C}.Release|Any CPU.ActiveCfg = Release|Any CPU
		{005F9BCB-EB08-4087-87BA-09E182372D5C}.Release|Any CPU.Build.0 = Release|Any CPU
	EndGlobalSection
	GlobalSection(SolutionProperties) = preSolution
		HideSolutionNode = FALSE
	EndGlobalSection
	GlobalSection(ExtensibilityGlobals) = postSolution
		SolutionGuid = {664AD374-23F6-4417-A9F5-2F71A62FAF2D}
	EndGlobalSection
EndGlobal
